# THIS IS AN AUTOGENERATED FILE. DO NOT EDIT THIS FILE DIRECTLY.
# yarn lockfile v1


angular-animate@^1.6.9:
  version "1.6.9"
  resolved "https://registry.yarnpkg.com/angular-animate/-/angular-animate-1.6.9.tgz#a0f926c1ba3190bd8929ef966a7fa79760682622"

angular-aria@^1.6.9:
  version "1.6.9"
  resolved "https://registry.yarnpkg.com/angular-aria/-/angular-aria-1.6.9.tgz#150fa603ba7f604f48e3715b76ab3ec4b78971a6"

angular-cache@^4.6.0:
  version "4.6.0"
  resolved "https://registry.yarnpkg.com/angular-cache/-/angular-cache-4.6.0.tgz#5cc90ad1273fb150205dc1c71b8141ae39e48bff"

angular-material@^1.1.7:
  version "1.1.7"
  resolved "https://registry.yarnpkg.com/angular-material/-/angular-material-1.1.7.tgz#b3ebe28bc884495285932fb9cf4f58ed6ce6f4ab"

angular-messages@^1.6.9:
  version "1.6.9"
  resolved "https://registry.yarnpkg.com/angular-messages/-/angular-messages-1.6.9.tgz#c6958a32ab49316af36e3e5ac6f94c361571fa72"

angular-resource@^1.6.9:
  version "1.6.9"
  resolved "https://registry.yarnpkg.com/angular-resource/-/angular-resource-1.6.9.tgz#d02334b7cb96353e245966ad044c0c673df7b685"

angular-ui-bootstrap@^2.5.6:
  version "2.5.6"
  resolved "https://registry.yarnpkg.com/angular-ui-bootstrap/-/angular-ui-bootstrap-2.5.6.tgz#23937322ec641a6fbee16498cc32452aa199e7c5"

angular@^1.6.9:
  version "1.6.9"
  resolved "https://registry.yarnpkg.com/angular/-/angular-1.6.9.tgz#bc812932e18909038412d594a5990f4bb66c0619"

fg-loadcss@^2.0.1:
  version "2.0.1"
  resolved "https://registry.yarnpkg.com/fg-loadcss/-/fg-loadcss-2.0.1.tgz#71c00e470a57f7739d0736124dfc8791995e8af1"
